
Microsoft Visual Studio Solution File, Format Version 12.00
# Visual Studio Version 17
VisualStudioVersion = 17.7.34202.233
MinimumVisualStudioVersion = 10.0.40219.1
Project("{9A19103F-16F7-4668-BE54-9A1E7A4F7556}") = "s3automatebackup", "S3AutomateBackup\s3automatebackup.csproj", "{ECCCAAF3-172D-4795-BFBB-4C5F724D8092}"
EndProject
Global
	GlobalSection(SolutionConfigurationPlatforms) = preSolution
		Debug|Any CPU = Debug|Any CPU
		Release|Any CPU = Release|Any CPU
	EndGlobalSection
	GlobalSection(ProjectConfigurationPlatforms) = postSolution
		{ECCCAAF3-172D-4795-BFBB-4C5F724D8092}.Debug|Any CPU.ActiveCfg = Debug|Any CPU
		{ECCCAAF3-172D-4795-BFBB-4C5F724D8092}.Debug|Any CPU.Build.0 = Debug|Any CPU
		{ECCCAAF3-172D-4795-BFBB-4C5F724D8092}.Release|Any CPU.ActiveCfg = Release|Any CPU
		{ECCCAAF3-172D-4795-BFBB-4C5F724D8092}.Release|Any CPU.Build.0 = Release|Any CPU
	EndGlobalSection
	GlobalSection(SolutionProperties) = preSolution
		HideSolutionNode = FALSE
	EndGlobalSection
	GlobalSection(ExtensibilityGlobals) = postSolution
		SolutionGuid = {08594E9E-258B-40F8-8011-BBBA536CB0A6}
	EndGlobalSection
EndGlobal
